Microsoft Visual Studio Solution File, Format Version 12.00
# Visual Studio Version 17
VisualStudioVersion = 17.5.2.0
MinimumVisualStudioVersion = 10.0.40219.1
Project("{FAE04EC0-301F-11D3-BF4B-00C04F79EFBC}") = "At003_2", "At003_2.csproj", "{95187C6F-19C4-86E4-50F1-22573699AF01}"
EndProject
Global
	GlobalSection(SolutionConfigurationPlatforms) = preSolution
		Debug|Any CPU = Debug|Any CPU
		Release|Any CPU = Release|Any CPU
	EndGlobalSection
	GlobalSection(ProjectConfigurationPlatforms) = postSolution
		{95187C6F-19C4-86E4-50F1-22573699AF01}.Debug|Any CPU.ActiveCfg = Debug|Any CPU
		{95187C6F-19C4-86E4-50F1-22573699AF01}.Debug|Any CPU.Build.0 = Debug|Any CPU
		{95187C6F-19C4-86E4-50F1-22573699AF01}.Release|Any CPU.ActiveCfg = Release|Any CPU
		{95187C6F-19C4-86E4-50F1-22573699AF01}.Release|Any CPU.Build.0 = Release|Any CPU
	EndGlobalSection
	GlobalSection(SolutionProperties) = preSolution
		HideSolutionNode = FALSE
	EndGlobalSection
	GlobalSection(ExtensibilityGlobals) = postSolution
		SolutionGuid = {B1E60200-EA5A-413E-8152-EBC408ABDD51}
	EndGlobalSection
EndGlobal
