Microsoft Visual Studio Solution File, Format Version 12.00
# Visual Studio Version 17
VisualStudioVersion = 17.5.2.0
MinimumVisualStudioVersion = 10.0.40219.1
Project("{FAE04EC0-301F-11D3-BF4B-00C04F79EFBC}") = "AT04", "AT04.csproj", "{4D33DC82-1815-7681-5968-728A6AF0E36E}"
EndProject
Global
	GlobalSection(SolutionConfigurationPlatforms) = preSolution
		Debug|Any CPU = Debug|Any CPU
		Release|Any CPU = Release|Any CPU
	EndGlobalSection
	GlobalSection(ProjectConfigurationPlatforms) = postSolution
		{4D33DC82-1815-7681-5968-728A6AF0E36E}.Debug|Any CPU.ActiveCfg = Debug|Any CPU
		{4D33DC82-1815-7681-5968-728A6AF0E36E}.Debug|Any CPU.Build.0 = Debug|Any CPU
		{4D33DC82-1815-7681-5968-728A6AF0E36E}.Release|Any CPU.ActiveCfg = Release|Any CPU
		{4D33DC82-1815-7681-5968-728A6AF0E36E}.Release|Any CPU.Build.0 = Release|Any CPU
	EndGlobalSection
	GlobalSection(SolutionProperties) = preSolution
		HideSolutionNode = FALSE
	EndGlobalSection
	GlobalSection(ExtensibilityGlobals) = postSolution
		SolutionGuid = {64E35DC2-D4CA-4F07-B45D-917324CD336C}
	EndGlobalSection
EndGlobal
